
Microsoft Visual Studio Solution File, Format Version 12.00
# Visual Studio 15
VisualStudioVersion = 15.0.27130.2026
MinimumVisualStudioVersion = 10.0.40219.1
Project("{FAE04EC0-301F-11D3-BF4B-00C04F79EFBC}") = "TheDailyNotes", "TheDailyNotes\TheDailyNotes.csproj", "{4A61D1B0-F5D7-48E8-AA68-72E4AA41E54B}"
EndProject
Project("{FAE04EC0-301F-11D3-BF4B-00C04F79EFBC}") = "Framework", "ManagerDLL\Framework.csproj", "{2035C750-1D68-4D8F-B58A-901E07447ED8}"
EndProject
Project("{FAE04EC0-301F-11D3-BF4B-00C04F79EFBC}") = "CustomSettingsDLL", "CustomSettingsDLL\CustomSettingsDLL.csproj", "{B498C8B6-3E3D-471B-A65B-2063F8605550}"
EndProject
Project("{FAE04EC0-301F-11D3-BF4B-00C04F79EFBC}") = "Reminder", "Reminder\Reminder.csproj", "{0BABED77-061A-411B-8599-6189FAA66F0B}"
EndProject
Project("{FAE04EC0-301F-11D3-BF4B-00C04F79EFBC}") = "Extensions", "Extensions\Extensions.csproj", "{D4ADC36A-59E0-4FC4-98B4-8CED87AD3F94}"
EndProject
Project("{FAE04EC0-301F-11D3-BF4B-00C04F79EFBC}") = "Modules", "Modules\Modules.csproj", "{0389A4D3-D4FC-47E5-90BB-1CD75222BFC0}"
EndProject
Project("{FAE04EC0-301F-11D3-BF4B-00C04F79EFBC}") = "SecurityDLL", "SecurityDLL\SecurityDLL.csproj", "{F93E95B3-4956-4609-8B59-548545316DA0}"
EndProject
Project("{FAE04EC0-301F-11D3-BF4B-00C04F79EFBC}") = "AppUpdater", "AppUpdater\AppUpdater.csproj", "{54A5C196-998C-4546-A4EB-77649D8D4203}"
EndProject
Project("{FAE04EC0-301F-11D3-BF4B-00C04F79EFBC}") = "Recover", "Recover\Recover.csproj", "{53B97CF5-FB63-42C5-A5B4-E4FDD9FA8A10}"
EndProject
Project("{FAE04EC0-301F-11D3-BF4B-00C04F79EFBC}") = "LongTermReminder", "LongTermReminder\LongTermReminder.csproj", "{E7719765-DAD1-4FD9-BE99-928833131E04}"
EndProject
Global
	GlobalSection(SolutionConfigurationPlatforms) = preSolution
		Debug|Any CPU = Debug|Any CPU
		Debug|ARM = Debug|ARM
		Debug|x64 = Debug|x64
		Debug|x86 = Debug|x86
		Release|Any CPU = Release|Any CPU
		Release|ARM = Release|ARM
		Release|x64 = Release|x64
		Release|x86 = Release|x86
	EndGlobalSection
	GlobalSection(ProjectConfigurationPlatforms) = postSolution
		{4A61D1B0-F5D7-48E8-AA68-72E4AA41E54B}.Debug|Any CPU.ActiveCfg = Debug|x86
		{4A61D1B0-F5D7-48E8-AA68-72E4AA41E54B}.Debug|Any CPU.Build.0 = Debug|x86
		{4A61D1B0-F5D7-48E8-AA68-72E4AA41E54B}.Debug|Any CPU.Deploy.0 = Debug|x86
		{4A61D1B0-F5D7-48E8-AA68-72E4AA41E54B}.Debug|ARM.ActiveCfg = Debug|ARM
		{4A61D1B0-F5D7-48E8-AA68-72E4AA41E54B}.Debug|ARM.Build.0 = Debug|ARM
		{4A61D1B0-F5D7-48E8-AA68-72E4AA41E54B}.Debug|ARM.Deploy.0 = Debug|ARM
		{4A61D1B0-F5D7-48E8-AA68-72E4AA41E54B}.Debug|x64.ActiveCfg = Debug|x64
		{4A61D1B0-F5D7-48E8-AA68-72E4AA41E54B}.Debug|x64.Build.0 = Debug|x64
		{4A61D1B0-F5D7-48E8-AA68-72E4AA41E54B}.Debug|x64.Deploy.0 = Debug|x64
		{4A61D1B0-F5D7-48E8-AA68-72E4AA41E54B}.Debug|x86.ActiveCfg = Debug|x86
		{4A61D1B0-F5D7-48E8-AA68-72E4AA41E54B}.Debug|x86.Build.0 = Debug|x86
		{4A61D1B0-F5D7-48E8-AA68-72E4AA41E54B}.Debug|x86.Deploy.0 = Debug|x86
		{4A61D1B0-F5D7-48E8-AA68-72E4AA41E54B}.Release|Any CPU.ActiveCfg = Release|x86
		{4A61D1B0-F5D7-48E8-AA68-72E4AA41E54B}.Release|Any CPU.Build.0 = Release|x86
		{4A61D1B0-F5D7-48E8-AA68-72E4AA41E54B}.Release|Any CPU.Deploy.0 = Release|x86
		{4A61D1B0-F5D7-48E8-AA68-72E4AA41E54B}.Release|ARM.ActiveCfg = Release|ARM
		{4A61D1B0-F5D7-48E8-AA68-72E4AA41E54B}.Release|ARM.Build.0 = Release|ARM
		{4A61D1B0-F5D7-48E8-AA68-72E4AA41E54B}.Release|ARM.Deploy.0 = Release|ARM
		{4A61D1B0-F5D7-48E8-AA68-72E4AA41E54B}.Release|x64.ActiveCfg = Release|x64
		{4A61D1B0-F5D7-48E8-AA68-72E4AA41E54B}.Release|x64.Build.0 = Release|x64
		{4A61D1B0-F5D7-48E8-AA68-72E4AA41E54B}.Release|x64.Deploy.0 = Release|x64
		{4A61D1B0-F5D7-48E8-AA68-72E4AA41E54B}.Release|x86.ActiveCfg = Release|x86
		{4A61D1B0-F5D7-48E8-AA68-72E4AA41E54B}.Release|x86.Build.0 = Release|x86
		{4A61D1B0-F5D7-48E8-AA68-72E4AA41E54B}.Release|x86.Deploy.0 = Release|x86
		{2035C750-1D68-4D8F-B58A-901E07447ED8}.Debug|Any CPU.ActiveCfg = Debug|Any CPU
		{2035C750-1D68-4D8F-B58A-901E07447ED8}.Debug|Any CPU.Build.0 = Debug|Any CPU
		{2035C750-1D68-4D8F-B58A-901E07447ED8}.Debug|ARM.ActiveCfg = Debug|ARM
		{2035C750-1D68-4D8F-B58A-901E07447ED8}.Debug|ARM.Build.0 = Debug|ARM
		{2035C750-1D68-4D8F-B58A-901E07447ED8}.Debug|x64.ActiveCfg = Debug|x64
		{2035C750-1D68-4D8F-B58A-901E07447ED8}.Debug|x64.Build.0 = Debug|x64
		{2035C750-1D68-4D8F-B58A-901E07447ED8}.Debug|x86.ActiveCfg = Debug|x86
		{2035C750-1D68-4D8F-B58A-901E07447ED8}.Debug|x86.Build.0 = Debug|x86
		{2035C750-1D68-4D8F-B58A-901E07447ED8}.Release|Any CPU.ActiveCfg = Release|Any CPU
		{2035C750-1D68-4D8F-B58A-901E07447ED8}.Release|Any CPU.Build.0 = Release|Any CPU
		{2035C750-1D68-4D8F-B58A-901E07447ED8}.Release|ARM.ActiveCfg = Release|ARM
		{2035C750-1D68-4D8F-B58A-901E07447ED8}.Release|ARM.Build.0 = Release|ARM
		{2035C750-1D68-4D8F-B58A-901E07447ED8}.Release|x64.ActiveCfg = Release|x64
		{2035C750-1D68-4D8F-B58A-901E07447ED8}.Release|x64.Build.0 = Release|x64
		{2035C750-1D68-4D8F-B58A-901E07447ED8}.Release|x86.ActiveCfg = Release|x86
		{2035C750-1D68-4D8F-B58A-901E07447ED8}.Release|x86.Build.0 = Release|x86
		{B498C8B6-3E3D-471B-A65B-2063F8605550}.Debug|Any CPU.ActiveCfg = Debug|Any CPU
		{B498C8B6-3E3D-471B-A65B-2063F8605550}.Debug|Any CPU.Build.0 = Debug|Any CPU
		{B498C8B6-3E3D-471B-A65B-2063F8605550}.Debug|ARM.ActiveCfg = Debug|ARM
		{B498C8B6-3E3D-471B-A65B-2063F8605550}.Debug|ARM.Build.0 = Debug|ARM
		{B498C8B6-3E3D-471B-A65B-2063F8605550}.Debug|x64.ActiveCfg = Debug|x64
		{B498C8B6-3E3D-471B-A65B-2063F8605550}.Debug|x64.Build.0 = Debug|x64
		{B498C8B6-3E3D-471B-A65B-2063F8605550}.Debug|x86.ActiveCfg = Debug|x86
		{B498C8B6-3E3D-471B-A65B-2063F8605550}.Debug|x86.Build.0 = Debug|x86
		{B498C8B6-3E3D-471B-A65B-2063F8605550}.Release|Any CPU.ActiveCfg = Release|Any CPU
		{B498C8B6-3E3D-471B-A65B-2063F8605550}.Release|Any CPU.Build.0 = Release|Any CPU
		{B498C8B6-3E3D-471B-A65B-2063F8605550}.Release|ARM.ActiveCfg = Release|ARM
		{B498C8B6-3E3D-471B-A65B-2063F8605550}.Release|ARM.Build.0 = Release|ARM
		{B498C8B6-3E3D-471B-A65B-2063F8605550}.Release|x64.ActiveCfg = Release|x64
		{B498C8B6-3E3D-471B-A65B-2063F8605550}.Release|x64.Build.0 = Release|x64
		{B498C8B6-3E3D-471B-A65B-2063F8605550}.Release|x86.ActiveCfg = Release|x86
		{B498C8B6-3E3D-471B-A65B-2063F8605550}.Release|x86.Build.0 = Release|x86
		{0BABED77-061A-411B-8599-6189FAA66F0B}.Debug|Any CPU.ActiveCfg = Debug|Any CPU
		{0BABED77-061A-411B-8599-6189FAA66F0B}.Debug|Any CPU.Build.0 = Debug|Any CPU
		{0BABED77-061A-411B-8599-6189FAA66F0B}.Debug|ARM.ActiveCfg = Debug|ARM
		{0BABED77-061A-411B-8599-6189FAA66F0B}.Debug|ARM.Build.0 = Debug|ARM
		{0BABED77-061A-411B-8599-6189FAA66F0B}.Debug|x64.ActiveCfg = Debug|x64
		{0BABED77-061A-411B-8599-6189FAA66F0B}.Debug|x64.Build.0 = Debug|x64
		{0BABED77-061A-411B-8599-6189FAA66F0B}.Debug|x86.ActiveCfg = Debug|x86
		{0BABED77-061A-411B-8599-6189FAA66F0B}.Debug|x86.Build.0 = Debug|x86
		{0BABED77-061A-411B-8599-6189FAA66F0B}.Release|Any CPU.ActiveCfg = Release|Any CPU
		{0BABED77-061A-411B-8599-6189FAA66F0B}.Release|Any CPU.Build.0 = Release|Any CPU
		{0BABED77-061A-411B-8599-6189FAA66F0B}.Release|ARM.ActiveCfg = Release|ARM
		{0BABED77-061A-411B-8599-6189FAA66F0B}.Release|ARM.Build.0 = Release|ARM
		{0BABED77-061A-411B-8599-6189FAA66F0B}.Release|x64.ActiveCfg = Release|x64
		{0BABED77-061A-411B-8599-6189FAA66F0B}.Release|x64.Build.0 = Release|x64
		{0BABED77-061A-411B-8599-6189FAA66F0B}.Release|x86.ActiveCfg = Release|x86
		{0BABED77-061A-411B-8599-6189FAA66F0B}.Release|x86.Build.0 = Release|x86
		{D4ADC36A-59E0-4FC4-98B4-8CED87AD3F94}.Debug|Any CPU.ActiveCfg = Debug|Any CPU
		{D4ADC36A-59E0-4FC4-98B4-8CED87AD3F94}.Debug|Any CPU.Build.0 = Debug|Any CPU
		{D4ADC36A-59E0-4FC4-98B4-8CED87AD3F94}.Debug|ARM.ActiveCfg = Debug|ARM
		{D4ADC36A-59E0-4FC4-98B4-8CED87AD3F94}.Debug|ARM.Build.0 = Debug|ARM
		{D4ADC36A-59E0-4FC4-98B4-8CED87AD3F94}.Debug|x64.ActiveCfg = Debug|x64
		{D4ADC36A-59E0-4FC4-98B4-8CED87AD3F94}.Debug|x64.Build.0 = Debug|x64
		{D4ADC36A-59E0-4FC4-98B4-8CED87AD3F94}.Debug|x86.ActiveCfg = Debug|x86
		{D4ADC36A-59E0-4FC4-98B4-8CED87AD3F94}.Debug|x86.Build.0 = Debug|x86
		{D4ADC36A-59E0-4FC4-98B4-8CED87AD3F94}.Release|Any CPU.ActiveCfg = Release|Any CPU
		{D4ADC36A-59E0-4FC4-98B4-8CED87AD3F94}.Release|Any CPU.Build.0 = Release|Any CPU
		{D4ADC36A-59E0-4FC4-98B4-8CED87AD3F94}.Release|ARM.ActiveCfg = Release|ARM
		{D4ADC36A-59E0-4FC4-98B4-8CED87AD3F94}.Release|ARM.Build.0 = Release|ARM
		{D4ADC36A-59E0-4FC4-98B4-8CED87AD3F94}.Release|x64.ActiveCfg = Release|x64
		{D4ADC36A-59E0-4FC4-98B4-8CED87AD3F94}.Release|x64.Build.0 = Release|x64
		{D4ADC36A-59E0-4FC4-98B4-8CED87AD3F94}.Release|x86.ActiveCfg = Release|x86
		{D4ADC36A-59E0-4FC4-98B4-8CED87AD3F94}.Release|x86.Build.0 = Release|x86
		{0389A4D3-D4FC-47E5-90BB-1CD75222BFC0}.Debug|Any CPU.ActiveCfg = Debug|Any CPU
		{0389A4D3-D4FC-47E5-90BB-1CD75222BFC0}.Debug|Any CPU.Build.0 = Debug|Any CPU
		{0389A4D3-D4FC-47E5-90BB-1CD75222BFC0}.Debug|ARM.ActiveCfg = Debug|ARM
		{0389A4D3-D4FC-47E5-90BB-1CD75222BFC0}.Debug|ARM.Build.0 = Debug|ARM
		{0389A4D3-D4FC-47E5-90BB-1CD75222BFC0}.Debug|x64.ActiveCfg = Debug|x64
		{0389A4D3-D4FC-47E5-90BB-1CD75222BFC0}.Debug|x64.Build.0 = Debug|x64
		{0389A4D3-D4FC-47E5-90BB-1CD75222BFC0}.Debug|x86.ActiveCfg = Debug|x86
		{0389A4D3-D4FC-47E5-90BB-1CD75222BFC0}.Debug|x86.Build.0 = Debug|x86
		{0389A4D3-D4FC-47E5-90BB-1CD75222BFC0}.Release|Any CPU.ActiveCfg = Release|Any CPU
		{0389A4D3-D4FC-47E5-90BB-1CD75222BFC0}.Release|Any CPU.Build.0 = Release|Any CPU
		{0389A4D3-D4FC-47E5-90BB-1CD75222BFC0}.Release|ARM.ActiveCfg = Release|ARM
		{0389A4D3-D4FC-47E5-90BB-1CD75222BFC0}.Release|ARM.Build.0 = Release|ARM
		{0389A4D3-D4FC-47E5-90BB-1CD75222BFC0}.Release|x64.ActiveCfg = Release|x64
		{0389A4D3-D4FC-47E5-90BB-1CD75222BFC0}.Release|x64.Build.0 = Release|x64
		{0389A4D3-D4FC-47E5-90BB-1CD75222BFC0}.Release|x86.ActiveCfg = Release|x86
		{0389A4D3-D4FC-47E5-90BB-1CD75222BFC0}.Release|x86.Build.0 = Release|x86
		{F93E95B3-4956-4609-8B59-548545316DA0}.Debug|Any CPU.ActiveCfg = Debug|Any CPU
		{F93E95B3-4956-4609-8B59-548545316DA0}.Debug|Any CPU.Build.0 = Debug|Any CPU
		{F93E95B3-4956-4609-8B59-548545316DA0}.Debug|ARM.ActiveCfg = Debug|ARM
		{F93E95B3-4956-4609-8B59-548545316DA0}.Debug|ARM.Build.0 = Debug|ARM
		{F93E95B3-4956-4609-8B59-548545316DA0}.Debug|x64.ActiveCfg = Debug|x64
		{F93E95B3-4956-4609-8B59-548545316DA0}.Debug|x64.Build.0 = Debug|x64
		{F93E95B3-4956-4609-8B59-548545316DA0}.Debug|x86.ActiveCfg = Debug|x86
		{F93E95B3-4956-4609-8B59-548545316DA0}.Debug|x86.Build.0 = Debug|x86
		{F93E95B3-4956-4609-8B59-548545316DA0}.Release|Any CPU.ActiveCfg = Release|Any CPU
		{F93E95B3-4956-4609-8B59-548545316DA0}.Release|Any CPU.Build.0 = Release|Any CPU
		{F93E95B3-4956-4609-8B59-548545316DA0}.Release|ARM.ActiveCfg = Release|ARM
		{F93E95B3-4956-4609-8B59-548545316DA0}.Release|ARM.Build.0 = Release|ARM
		{F93E95B3-4956-4609-8B59-548545316DA0}.Release|x64.ActiveCfg = Release|x64
		{F93E95B3-4956-4609-8B59-548545316DA0}.Release|x64.Build.0 = Release|x64
		{F93E95B3-4956-4609-8B59-548545316DA0}.Release|x86.ActiveCfg = Release|x86
		{F93E95B3-4956-4609-8B59-548545316DA0}.Release|x86.Build.0 = Release|x86
		{54A5C196-998C-4546-A4EB-77649D8D4203}.Debug|Any CPU.ActiveCfg = Debug|Any CPU
		{54A5C196-998C-4546-A4EB-77649D8D4203}.Debug|Any CPU.Build.0 = Debug|Any CPU
		{54A5C196-998C-4546-A4EB-77649D8D4203}.Debug|ARM.ActiveCfg = Debug|ARM
		{54A5C196-998C-4546-A4EB-77649D8D4203}.Debug|ARM.Build.0 = Debug|ARM
		{54A5C196-998C-4546-A4EB-77649D8D4203}.Debug|x64.ActiveCfg = Debug|x64
		{54A5C196-998C-4546-A4EB-77649D8D4203}.Debug|x64.Build.0 = Debug|x64
		{54A5C196-998C-4546-A4EB-77649D8D4203}.Debug|x86.ActiveCfg = Debug|x86
		{54A5C196-998C-4546-A4EB-77649D8D4203}.Debug|x86.Build.0 = Debug|x86
		{54A5C196-998C-4546-A4EB-77649D8D4203}.Release|Any CPU.ActiveCfg = Release|Any CPU
		{54A5C196-998C-4546-A4EB-77649D8D4203}.Release|Any CPU.Build.0 = Release|Any CPU
		{54A5C196-998C-4546-A4EB-77649D8D4203}.Release|ARM.ActiveCfg = Release|ARM
		{54A5C196-998C-4546-A4EB-77649D8D4203}.Release|ARM.Build.0 = Release|ARM
		{54A5C196-998C-4546-A4EB-77649D8D4203}.Release|x64.ActiveCfg = Release|x64
		{54A5C196-998C-4546-A4EB-77649D8D4203}.Release|x64.Build.0 = Release|x64
		{54A5C196-998C-4546-A4EB-77649D8D4203}.Release|x86.ActiveCfg = Release|x86
		{54A5C196-998C-4546-A4EB-77649D8D4203}.Release|x86.Build.0 = Release|x86
		{53B97CF5-FB63-42C5-A5B4-E4FDD9FA8A10}.Debug|Any CPU.ActiveCfg = Debug|Any CPU
		{53B97CF5-FB63-42C5-A5B4-E4FDD9FA8A10}.Debug|Any CPU.Build.0 = Debug|Any CPU
		{53B97CF5-FB63-42C5-A5B4-E4FDD9FA8A10}.Debug|ARM.ActiveCfg = Debug|ARM
		{53B97CF5-FB63-42C5-A5B4-E4FDD9FA8A10}.Debug|ARM.Build.0 = Debug|ARM
		{53B97CF5-FB63-42C5-A5B4-E4FDD9FA8A10}.Debug|x64.ActiveCfg = Debug|x64
		{53B97CF5-FB63-42C5-A5B4-E4FDD9FA8A10}.Debug|x64.Build.0 = Debug|x64
		{53B97CF5-FB63-42C5-A5B4-E4FDD9FA8A10}.Debug|x86.ActiveCfg = Debug|x86
		{53B97CF5-FB63-42C5-A5B4-E4FDD9FA8A10}.Debug|x86.Build.0 = Debug|x86
		{53B97CF5-FB63-42C5-A5B4-E4FDD9FA8A10}.Release|Any CPU.ActiveCfg = Release|Any CPU
		{53B97CF5-FB63-42C5-A5B4-E4FDD9FA8A10}.Release|Any CPU.Build.0 = Release|Any CPU
		{53B97CF5-FB63-42C5-A5B4-E4FDD9FA8A10}.Release|ARM.ActiveCfg = Release|ARM
		{53B97CF5-FB63-42C5-A5B4-E4FDD9FA8A10}.Release|ARM.Build.0 = Release|ARM
		{53B97CF5-FB63-42C5-A5B4-E4FDD9FA8A10}.Release|x64.ActiveCfg = Release|x64
		{53B97CF5-FB63-42C5-A5B4-E4FDD9FA8A10}.Release|x64.Build.0 = Release|x64
		{53B97CF5-FB63-42C5-A5B4-E4FDD9FA8A10}.Release|x86.ActiveCfg = Release|x86
		{53B97CF5-FB63-42C5-A5B4-E4FDD9FA8A10}.Release|x86.Build.0 = Release|x86
		{E7719765-DAD1-4FD9-BE99-928833131E04}.Debug|Any CPU.ActiveCfg = Debug|Any CPU
		{E7719765-DAD1-4FD9-BE99-928833131E04}.Debug|Any CPU.Build.0 = Debug|Any CPU
		{E7719765-DAD1-4FD9-BE99-928833131E04}.Debug|ARM.ActiveCfg = Debug|ARM
		{E7719765-DAD1-4FD9-BE99-928833131E04}.Debug|ARM.Build.0 = Debug|ARM
		{E7719765-DAD1-4FD9-BE99-928833131E04}.Debug|x64.ActiveCfg = Debug|x64
		{E7719765-DAD1-4FD9-BE99-928833131E04}.Debug|x64.Build.0 = Debug|x64
		{E7719765-DAD1-4FD9-BE99-928833131E04}.Debug|x86.ActiveCfg = Debug|x86
		{E7719765-DAD1-4FD9-BE99-928833131E04}.Debug|x86.Build.0 = Debug|x86
		{E7719765-DAD1-4FD9-BE99-928833131E04}.Release|Any CPU.ActiveCfg = Release|Any CPU
		{E7719765-DAD1-4FD9-BE99-928833131E04}.Release|Any CPU.Build.0 = Release|Any CPU
		{E7719765-DAD1-4FD9-BE99-928833131E04}.Release|ARM.ActiveCfg = Release|ARM
		{E7719765-DAD1-4FD9-BE99-928833131E04}.Release|ARM.Build.0 = Release|ARM
		{E7719765-DAD1-4FD9-BE99-928833131E04}.Release|x64.ActiveCfg = Release|x64
		{E7719765-DAD1-4FD9-BE99-928833131E04}.Release|x64.Build.0 = Release|x64
		{E7719765-DAD1-4FD9-BE99-928833131E04}.Release|x86.ActiveCfg = Release|x86
		{E7719765-DAD1-4FD9-BE99-928833131E04}.Release|x86.Build.0 = Release|x86
	EndGlobalSection
	GlobalSection(SolutionProperties) = preSolution
		HideSolutionNode = FALSE
	EndGlobalSection
	GlobalSection(ExtensibilityGlobals) = postSolution
		SolutionGuid = {DA9892BA-5BB3-4F8B-B1A7-1584CCA053EA}
	EndGlobalSection
	GlobalSection(TeamFoundationVersionControl) = preSolution
		SccNumberOfProjects = 11
		SccEnterpriseProvider = {4CA58AB2-18FA-4F8D-95D4-32DDF27D184C}
		SccTeamFoundationServer = https://goid.visualstudio.com/
		SccLocalPath0 = .
		SccProjectUniqueName1 = TheDailyNotes\\TheDailyNotes.csproj
		SccProjectName1 = TheDailyNotes
		SccLocalPath1 = TheDailyNotes
		SccProjectUniqueName2 = CustomSettingsDLL\\CustomSettingsDLL.csproj
		SccProjectName2 = CustomSettingsDLL
		SccLocalPath2 = CustomSettingsDLL
		SccProjectUniqueName3 = Reminder\\Reminder.csproj
		SccProjectName3 = Reminder
		SccLocalPath3 = Reminder
		SccProjectUniqueName4 = Extensions\\Extensions.csproj
		SccProjectName4 = Extensions
		SccLocalPath4 = Extensions
		SccProjectUniqueName5 = Modules\\Modules.csproj
		SccProjectName5 = Modules
		SccLocalPath5 = Modules
		SccProjectUniqueName6 = SecurityDLL\\SecurityDLL.csproj
		SccProjectName6 = SecurityDLL
		SccLocalPath6 = SecurityDLL
		SccProjectUniqueName7 = AppUpdater\\AppUpdater.csproj
		SccProjectName7 = AppUpdater
		SccLocalPath7 = AppUpdater
		SccProjectUniqueName8 = ManagerDLL\\Framework.csproj
		SccProjectName8 = ManagerDLL
		SccLocalPath8 = ManagerDLL
		SccProjectUniqueName9 = Recover\\Recover.csproj
		SccProjectName9 = Recover
		SccLocalPath9 = Recover
		SccProjectUniqueName10 = LongTermReminder\\LongTermReminder.csproj
		SccProjectName10 = LongTermReminder
		SccLocalPath10 = LongTermReminder
	EndGlobalSection
EndGlobal
